{
  "name": "solana_kit",
  "version": "1.0.0",
  "lockfileVersion": 3,
  "requires": true,
  "packages": {
    "": {
      "name": "solana_kit",
      "version": "1.0.0",
      "license": "ISC",
      "dependencies": {
        "@solana-program/compute-budget": "^0.9.0",
        "@solana-program/memo": "^0.8.0",
        "@solana-program/system": "^0.8.0",
        "@solana-program/token": "^0.6.0",
        "@solana/kit": "^3.0.2",
        "tsx": "^4.20.5"
      },
      "devDependencies": {
        "typescript": "^5.9.2"
      }
    },
    "node_modules/@esbuild/aix-ppc64": {
      "version": "0.25.9",
      "resolved": "https://registry.npmjs.org/@esbuild/aix-ppc64/-/aix-ppc64-0.25.9.tgz",
      "integrity": "sha512-OaGtL73Jck6pBKjNIe24BnFE6agGl+6KxDtTfHhy1HmhthfKouEcOhqpSL64K4/0WCtbKFLOdzD/44cJ4k9opA==",
      "cpu": [
        "ppc64"
      ],
      "license": "MIT",
      "optional": true,
      "os": [
        "aix"
      ],
      "engines": {
        "node": ">=18"
      }
    },
    "node_modules/@esbuild/android-arm": {
      "version": "0.25.9",
      "resolved": "https://registry.npmjs.org/@esbuild/android-arm/-/android-arm-0.25.9.tgz",
      "integrity": "sha512-5WNI1DaMtxQ7t7B6xa572XMXpHAaI/9Hnhk8lcxF4zVN4xstUgTlvuGDorBguKEnZO70qwEcLpfifMLoxiPqHQ==",
      "cpu": [
        "arm"
      ],
      "license": "MIT",
      "optional": true,
      "os": [
        "android"
      ],
      "engines": {
        "node": ">=18"
      }
    },
    "node_modules/@esbuild/android-arm64": {
      "version": "0.25.9",
      "resolved": "https://registry.npmjs.org/@esbuild/android-arm64/-/android-arm64-0.25.9.tgz",
      "integrity": "sha512-IDrddSmpSv51ftWslJMvl3Q2ZT98fUSL2/rlUXuVqRXHCs5EUF1/f+jbjF5+NG9UffUDMCiTyh8iec7u8RlTLg==",
      "cpu": [
        "arm64"
      ],
      "license": "MIT",
      "optional": true,
      "os": [
        "android"
      ],
      "engines": {
        "node": ">=18"
      }
    },
    "node_modules/@esbuild/android-x64": {
      "version": "0.25.9",
      "resolved": "https://registry.npmjs.org/@esbuild/android-x64/-/android-x64-0.25.9.tgz",
      "integrity": "sha512-I853iMZ1hWZdNllhVZKm34f4wErd4lMyeV7BLzEExGEIZYsOzqDWDf+y082izYUE8gtJnYHdeDpN/6tUdwvfiw==",
      "cpu": [
        "x64"
      ],
      "license": "MIT",
      "optional": true,
      "os": [
        "android"
      ],
      "engines": {
        "node": ">=18"
      }
    },
    "node_modules/@esbuild/darwin-arm64": {
      "version": "0.25.9",
      "resolved": "https://registry.npmjs.org/@esbuild/darwin-arm64/-/darwin-arm64-0.25.9.tgz",
      "integrity": "sha512-XIpIDMAjOELi/9PB30vEbVMs3GV1v2zkkPnuyRRURbhqjyzIINwj+nbQATh4H9GxUgH1kFsEyQMxwiLFKUS6Rg==",
      "cpu": [
        "arm64"
      ],
      "license": "MIT",
      "optional": true,
      "os": [
        "darwin"
      ],
      "engines": {
        "node": ">=18"
      }
    },
    "node_modules/@esbuild/darwin-x64": {
      "version": "0.25.9",
      "resolved": "https://registry.npmjs.org/@esbuild/darwin-x64/-/darwin-x64-0.25.9.tgz",
      "integrity": "sha512-jhHfBzjYTA1IQu8VyrjCX4ApJDnH+ez+IYVEoJHeqJm9VhG9Dh2BYaJritkYK3vMaXrf7Ogr/0MQ8/MeIefsPQ==",
      "cpu": [
        "x64"
      ],
      "license": "MIT",
      "optional": true,
      "os": [
        "darwin"
      ],
      "engines": {
        "node": ">=18"
      }
    },
    "node_modules/@esbuild/freebsd-arm64": {
      "version": "0.25.9",
      "resolved": "https://registry.npmjs.org/@esbuild/freebsd-arm64/-/freebsd-arm64-0.25.9.tgz",
      "integrity": "sha512-z93DmbnY6fX9+KdD4Ue/H6sYs+bhFQJNCPZsi4XWJoYblUqT06MQUdBCpcSfuiN72AbqeBFu5LVQTjfXDE2A6Q==",
      "cpu": [
        "arm64"
      ],
      "license": "MIT",
      "optional": true,
      "os": [
        "freebsd"
      ],
      "engines": {
        "node": ">=18"
      }
    },
    "node_modules/@esbuild/freebsd-x64": {
      "version": "0.25.9",
      "resolved": "https://registry.npmjs.org/@esbuild/freebsd-x64/-/freebsd-x64-0.25.9.tgz",
      "integrity": "sha512-mrKX6H/vOyo5v71YfXWJxLVxgy1kyt1MQaD8wZJgJfG4gq4DpQGpgTB74e5yBeQdyMTbgxp0YtNj7NuHN0PoZg==",
      "cpu": [
        "x64"
      ],
      "license": "MIT",
      "optional": true,
      "os": [
        "freebsd"
      ],
      "engines": {
        "node": ">=18"
      }
    },
    "node_modules/@esbuild/linux-arm": {
      "version": "0.25.9",
      "resolved": "https://registry.npmjs.org/@esbuild/linux-arm/-/linux-arm-0.25.9.tgz",
      "integrity": "sha512-HBU2Xv78SMgaydBmdor38lg8YDnFKSARg1Q6AT0/y2ezUAKiZvc211RDFHlEZRFNRVhcMamiToo7bDx3VEOYQw==",
      "cpu": [
        "arm"
      ],
      "license": "MIT",
      "optional": true,
      "os": [
        "linux"
      ],
      "engines": {
        "node": ">=18"
      }
    },
    "node_modules/@esbuild/linux-arm64": {
      "version": "0.25.9",
      "resolved": "https://registry.npmjs.org/@esbuild/linux-arm64/-/linux-arm64-0.25.9.tgz",
      "integrity": "sha512-BlB7bIcLT3G26urh5Dmse7fiLmLXnRlopw4s8DalgZ8ef79Jj4aUcYbk90g8iCa2467HX8SAIidbL7gsqXHdRw==",
      "cpu": [
        "arm64"
      ],
      "license": "MIT",
      "optional": true,
      "os": [
        "linux"
      ],
      "engines": {
        "node": ">=18"
      }
    },
    "node_modules/@esbuild/linux-ia32": {
      "version": "0.25.9",
      "resolved": "https://registry.npmjs.org/@esbuild/linux-ia32/-/linux-ia32-0.25.9.tgz",
      "integrity": "sha512-e7S3MOJPZGp2QW6AK6+Ly81rC7oOSerQ+P8L0ta4FhVi+/j/v2yZzx5CqqDaWjtPFfYz21Vi1S0auHrap3Ma3A==",
      "cpu": [
        "ia32"
      ],
      "license": "MIT",
      "optional": true,
      "os": [
        "linux"
      ],
      "engines": {
        "node": ">=18"
      }
    },
    "node_modules/@esbuild/linux-loong64": {
      "version": "0.25.9",
      "resolved": "https://registry.npmjs.org/@esbuild/linux-loong64/-/linux-loong64-0.25.9.tgz",
      "integrity": "sha512-Sbe10Bnn0oUAB2AalYztvGcK+o6YFFA/9829PhOCUS9vkJElXGdphz0A3DbMdP8gmKkqPmPcMJmJOrI3VYB1JQ==",
      "cpu": [
        "loong64"
      ],
      "license": "MIT",
      "optional": true,
      "os": [
        "linux"
      ],
      "engines": {
        "node": ">=18"
      }
    },
    "node_modules/@esbuild/linux-mips64el": {
      "version": "0.25.9",
      "resolved": "https://registry.npmjs.org/@esbuild/linux-mips64el/-/linux-mips64el-0.25.9.tgz",
      "integrity": "sha512-YcM5br0mVyZw2jcQeLIkhWtKPeVfAerES5PvOzaDxVtIyZ2NUBZKNLjC5z3/fUlDgT6w89VsxP2qzNipOaaDyA==",
      "cpu": [
        "mips64el"
      ],
      "license": "MIT",
      "optional": true,
      "os": [
        "linux"
      ],
      "engines": {
        "node": ">=18"
      }
    },
    "node_modules/@esbuild/linux-ppc64": {
      "version": "0.25.9",
      "resolved": "https://registry.npmjs.org/@esbuild/linux-ppc64/-/linux-ppc64-0.25.9.tgz",
      "integrity": "sha512-++0HQvasdo20JytyDpFvQtNrEsAgNG2CY1CLMwGXfFTKGBGQT3bOeLSYE2l1fYdvML5KUuwn9Z8L1EWe2tzs1w==",
      "cpu": [
        "ppc64"
      ],
      "license": "MIT",
      "optional": true,
      "os": [
        "linux"
      ],
      "engines": {
        "node": ">=18"
      }
    },
    "node_modules/@esbuild/linux-riscv64": {
      "version": "0.25.9",
      "resolved": "https://registry.npmjs.org/@esbuild/linux-riscv64/-/linux-riscv64-0.25.9.tgz",
      "integrity": "sha512-uNIBa279Y3fkjV+2cUjx36xkx7eSjb8IvnL01eXUKXez/CBHNRw5ekCGMPM0BcmqBxBcdgUWuUXmVWwm4CH9kg==",
      "cpu": [
        "riscv64"
      ],
      "license": "MIT",
      "optional": true,
      "os": [
        "linux"
      ],
      "engines": {
        "node": ">=18"
      }
    },
    "node_modules/@esbuild/linux-s390x": {
      "version": "0.25.9",
      "resolved": "https://registry.npmjs.org/@esbuild/linux-s390x/-/linux-s390x-0.25.9.tgz",
      "integrity": "sha512-Mfiphvp3MjC/lctb+7D287Xw1DGzqJPb/J2aHHcHxflUo+8tmN/6d4k6I2yFR7BVo5/g7x2Monq4+Yew0EHRIA==",
      "cpu": [
        "s390x"
      ],
      "license": "MIT",
      "optional": true,
      "os": [
        "linux"
      ],
      "engines": {
        "node": ">=18"
      }
    },
    "node_modules/@esbuild/linux-x64": {
      "version": "0.25.9",
      "resolved": "https://registry.npmjs.org/@esbuild/linux-x64/-/linux-x64-0.25.9.tgz",
      "integrity": "sha512-iSwByxzRe48YVkmpbgoxVzn76BXjlYFXC7NvLYq+b+kDjyyk30J0JY47DIn8z1MO3K0oSl9fZoRmZPQI4Hklzg==",
      "cpu": [
        "x64"
      ],
      "license": "MIT",
      "optional": true,
      "os": [
        "linux"
      ],
      "engines": {
        "node": ">=18"
      }
    },
    "node_modules/@esbuild/netbsd-arm64": {
      "version": "0.25.9",
      "resolved": "https://registry.npmjs.org/@esbuild/netbsd-arm64/-/netbsd-arm64-0.25.9.tgz",
      "integrity": "sha512-9jNJl6FqaUG+COdQMjSCGW4QiMHH88xWbvZ+kRVblZsWrkXlABuGdFJ1E9L7HK+T0Yqd4akKNa/lO0+jDxQD4Q==",
      "cpu": [
        "arm64"
      ],
      "license": "MIT",
      "optional": true,
      "os": [
        "netbsd"
      ],
      "engines": {
        "node": ">=18"
      }
    },
    "node_modules/@esbuild/netbsd-x64": {
      "version": "0.25.9",
      "resolved": "https://registry.npmjs.org/@esbuild/netbsd-x64/-/netbsd-x64-0.25.9.tgz",
      "integrity": "sha512-RLLdkflmqRG8KanPGOU7Rpg829ZHu8nFy5Pqdi9U01VYtG9Y0zOG6Vr2z4/S+/3zIyOxiK6cCeYNWOFR9QP87g==",
      "cpu": [
        "x64"
      ],
      "license": "MIT",
      "optional": true,
      "os": [
        "netbsd"
      ],
      "engines": {
        "node": ">=18"
      }
    },
    "node_modules/@esbuild/openbsd-arm64": {
      "version": "0.25.9",
      "resolved": "https://registry.npmjs.org/@esbuild/openbsd-arm64/-/openbsd-arm64-0.25.9.tgz",
      "integrity": "sha512-YaFBlPGeDasft5IIM+CQAhJAqS3St3nJzDEgsgFixcfZeyGPCd6eJBWzke5piZuZ7CtL656eOSYKk4Ls2C0FRQ==",
      "cpu": [
        "arm64"
      ],
      "license": "MIT",
      "optional": true,
      "os": [
        "openbsd"
      ],
      "engines": {
        "node": ">=18"
      }
    },
    "node_modules/@esbuild/openbsd-x64": {
      "version": "0.25.9",
      "resolved": "https://registry.npmjs.org/@esbuild/openbsd-x64/-/openbsd-x64-0.25.9.tgz",
      "integrity": "sha512-1MkgTCuvMGWuqVtAvkpkXFmtL8XhWy+j4jaSO2wxfJtilVCi0ZE37b8uOdMItIHz4I6z1bWWtEX4CJwcKYLcuA==",
      "cpu": [
        "x64"
      ],
      "license": "MIT",
      "optional": true,
      "os": [
        "openbsd"
      ],
      "engines": {
        "node": ">=18"
      }
    },
    "node_modules/@esbuild/openharmony-arm64": {
      "version": "0.25.9",
      "resolved": "https://registry.npmjs.org/@esbuild/openharmony-arm64/-/openharmony-arm64-0.25.9.tgz",
      "integrity": "sha512-4Xd0xNiMVXKh6Fa7HEJQbrpP3m3DDn43jKxMjxLLRjWnRsfxjORYJlXPO4JNcXtOyfajXorRKY9NkOpTHptErg==",
      "cpu": [
        "arm64"
      ],
      "license": "MIT",
      "optional": true,
      "os": [
        "openharmony"
      ],
      "engines": {
        "node": ">=18"
      }
    },
    "node_modules/@esbuild/sunos-x64": {
      "version": "0.25.9",
      "resolved": "https://registry.npmjs.org/@esbuild/sunos-x64/-/sunos-x64-0.25.9.tgz",
      "integrity": "sha512-WjH4s6hzo00nNezhp3wFIAfmGZ8U7KtrJNlFMRKxiI9mxEK1scOMAaa9i4crUtu+tBr+0IN6JCuAcSBJZfnphw==",
      "cpu": [
        "x64"
      ],
      "license": "MIT",
      "optional": true,
      "os": [
        "sunos"
      ],
      "engines": {
        "node": ">=18"
      }
    },
    "node_modules/@esbuild/win32-arm64": {
      "version": "0.25.9",
      "resolved": "https://registry.npmjs.org/@esbuild/win32-arm64/-/win32-arm64-0.25.9.tgz",
      "integrity": "sha512-mGFrVJHmZiRqmP8xFOc6b84/7xa5y5YvR1x8djzXpJBSv/UsNK6aqec+6JDjConTgvvQefdGhFDAs2DLAds6gQ==",
      "cpu": [
        "arm64"
      ],
      "license": "MIT",
      "optional": true,
      "os": [
        "win32"
      ],
      "engines": {
        "node": ">=18"
      }
    },
    "node_modules/@esbuild/win32-ia32": {
      "version": "0.25.9",
      "resolved": "https://registry.npmjs.org/@esbuild/win32-ia32/-/win32-ia32-0.25.9.tgz",
      "integrity": "sha512-b33gLVU2k11nVx1OhX3C8QQP6UHQK4ZtN56oFWvVXvz2VkDoe6fbG8TOgHFxEvqeqohmRnIHe5A1+HADk4OQww==",
      "cpu": [
        "ia32"
      ],
      "license": "MIT",
      "optional": true,
      "os": [
        "win32"
      ],
      "engines": {
        "node": ">=18"
      }
    },
    "node_modules/@esbuild/win32-x64": {
      "version": "0.25.9",
      "resolved": "https://registry.npmjs.org/@esbuild/win32-x64/-/win32-x64-0.25.9.tgz",
      "integrity": "sha512-PPOl1mi6lpLNQxnGoyAfschAodRFYXJ+9fs6WHXz7CSWKbOqiMZsubC+BQsVKuul+3vKLuwTHsS2c2y9EoKwxQ==",
      "cpu": [
        "x64"
      ],
      "license": "MIT",
      "optional": true,
      "os": [
        "win32"
      ],
      "engines": {
        "node": ">=18"
      }
    },
    "node_modules/@solana-program/compute-budget": {
      "version": "0.9.0",
      "resolved": "https://registry.npmjs.org/@solana-program/compute-budget/-/compute-budget-0.9.0.tgz",
      "integrity": "sha512-on7Cs1V48X9E2x1yVmfM6N6Xv0r4oGruXPcWnI50D3D3CIsHNWJ4gsvL4qZ4iey7zAP73FdM21K2CZBi1a/jzg==",
      "license": "Apache-2.0",
      "peerDependencies": {
        "@solana/kit": "^3.0"
      }
    },
    "node_modules/@solana-program/memo": {
      "version": "0.8.0",
      "resolved": "https://registry.npmjs.org/@solana-program/memo/-/memo-0.8.0.tgz",
      "integrity": "sha512-sf70ts2ZY10qQUxu5cLPnNYiBcqxJ07p6g4zk2ALq/Ueg3Y4hNm9XbxzA7GmNquDeDGWmEJJaT2ElOWWS+sa8Q==",
      "license": "Apache-2.0",
      "peerDependencies": {
        "@solana/kit": "^3.0"
      }
    },
    "node_modules/@solana-program/system": {
      "version": "0.8.0",
      "resolved": "https://registry.npmjs.org/@solana-program/system/-/system-0.8.0.tgz",
      "integrity": "sha512-/VJZjFoI+FMrsO5gPgktRIo6Sf/2pMEkkpA6grLtm4Xx52bQDo4fBvhA33FL+3pSf25yHcMcXwrKwqDk6/O1fw==",
      "license": "Apache-2.0",
      "peerDependencies": {
        "@solana/kit": "^3.0"
      }
    },
    "node_modules/@solana-program/token": {
      "version": "0.6.0",
      "resolved": "https://registry.npmjs.org/@solana-program/token/-/token-0.6.0.tgz",
      "integrity": "sha512-omkZh4Tt9rre4wzWHNOhOEHyenXQku3xyc/UrKvShexA/Qlhza67q7uRwmwEDUs4QqoDBidSZPooOmepnA/jig==",
      "license": "Apache-2.0",
      "peerDependencies": {
        "@solana/kit": "^3.0"
      }
    },
    "node_modules/@solana/accounts": {
      "version": "3.0.2",
      "resolved": "https://registry.npmjs.org/@solana/accounts/-/accounts-3.0.2.tgz",
      "integrity": "sha512-eV38HyAuq61DREvlIHhrIqlG1AVBGV6FNLx67MajYQ+CAHT6N4rJ+NETqNZb6cEnj02/wBfEIdBT17nYmN3Tnw==",
      "license": "MIT",
      "dependencies": {
        "@solana/addresses": "3.0.2",
        "@solana/codecs-core": "3.0.2",
        "@solana/codecs-strings": "3.0.2",
        "@solana/errors": "3.0.2",
        "@solana/rpc-spec": "3.0.2",
        "@solana/rpc-types": "3.0.2"
      },
      "engines": {
        "node": ">=20.18.0"
      },
      "peerDependencies": {
        "typescript": ">=5.3.3"
      }
    },
    "node_modules/@solana/addresses": {
      "version": "3.0.2",
      "resolved": "https://registry.npmjs.org/@solana/addresses/-/addresses-3.0.2.tgz",
      "integrity": "sha512-ULqKK1IZkxW8tEZWJ2lxhKxPEHEZgOCDbY+WW9yR3ZVG5gQf0h1lntCVXRyS50xfsIjWVXuQS4y2uVsSAcYdsw==",
      "license": "MIT",
      "dependencies": {
        "@solana/assertions": "3.0.2",
        "@solana/codecs-core": "3.0.2",
        "@solana/codecs-strings": "3.0.2",
        "@solana/errors": "3.0.2",
        "@solana/nominal-types": "3.0.2"
      },
      "engines": {
        "node": ">=20.18.0"
      },
      "peerDependencies": {
        "typescript": ">=5.3.3"
      }
    },
    "node_modules/@solana/assertions": {
      "version": "3.0.2",
      "resolved": "https://registry.npmjs.org/@solana/assertions/-/assertions-3.0.2.tgz",
      "integrity": "sha512-MsIWJHyqutBT9j633p2IjvPFG0XSd6KOQ3pwGHTJN2AyG/qg9hZKs9I1bYuFaMm+f7N2RFQq+B3Tx6Vsdl92JQ==",
      "license": "MIT",
      "dependencies": {
        "@solana/errors": "3.0.2"
      },
      "engines": {
        "node": ">=20.18.0"
      },
      "peerDependencies": {
        "typescript": ">=5.3.3"
      }
    },
    "node_modules/@solana/codecs": {
      "version": "3.0.2",
      "resolved": "https://registry.npmjs.org/@solana/codecs/-/codecs-3.0.2.tgz",
      "integrity": "sha512-ihsmK+OnwuVd5le66lIDqsj0BQiHiYbL3pv4kUCVacxoo8pgqxGHTPh1/Ei1GNSm2N7LF/kwPvnZVECgY+ZaJg==",
      "license": "MIT",
      "dependencies": {
        "@solana/codecs-core": "3.0.2",
        "@solana/codecs-data-structures": "3.0.2",
        "@solana/codecs-numbers": "3.0.2",
        "@solana/codecs-strings": "3.0.2",
        "@solana/options": "3.0.2"
      },
      "engines": {
        "node": ">=20.18.0"
      },
      "peerDependencies": {
        "typescript": ">=5.3.3"
      }
    },
    "node_modules/@solana/codecs-core": {
      "version": "3.0.2",
      "resolved": "https://registry.npmjs.org/@solana/codecs-core/-/codecs-core-3.0.2.tgz",
      "integrity": "sha512-vpy8ySWgPF8+APwpeEr4dQbU/EyHjisd/TywIw3rymguWeZ9/wcThS0WDRi08Z44W6InCIbtI08RdtuHQZoSag==",
      "license": "MIT",
      "dependencies": {
        "@solana/errors": "3.0.2"
      },
      "engines": {
        "node": ">=20.18.0"
      },
      "peerDependencies": {
        "typescript": ">=5.3.3"
      }
    },
    "node_modules/@solana/codecs-data-structures": {
      "version": "3.0.2",
      "resolved": "https://registry.npmjs.org/@solana/codecs-data-structures/-/codecs-data-structures-3.0.2.tgz",
      "integrity": "sha512-07L3czS7xughfCSx2pTC4/3amyjuCd3kOW4m4RJoXqWVzyg5lX4vCIVrlQE4MtM7/5SLLvGHXbCPHcp92esGcQ==",
      "license": "MIT",
      "dependencies": {
        "@solana/codecs-core": "3.0.2",
        "@solana/codecs-numbers": "3.0.2",
        "@solana/errors": "3.0.2"
      },
      "engines": {
        "node": ">=20.18.0"
      },
      "peerDependencies": {
        "typescript": ">=5.3.3"
      }
    },
    "node_modules/@solana/codecs-numbers": {
      "version": "3.0.2",
      "resolved": "https://registry.npmjs.org/@solana/codecs-numbers/-/codecs-numbers-3.0.2.tgz",
      "integrity": "sha512-Yr9kWo2BF4Wdu9mhceUQ3ksA6ZTi2CvQr8GWkRh9DQjvmrdqE2vwxwWWcmnzGDzwbta5o4tAr8JjtAtmwpiLEg==",
      "license": "MIT",
      "dependencies": {
        "@solana/codecs-core": "3.0.2",
        "@solana/errors": "3.0.2"
      },
      "engines": {
        "node": ">=20.18.0"
      },
      "peerDependencies": {
        "typescript": ">=5.3.3"
      }
    },
    "node_modules/@solana/codecs-strings": {
      "version": "3.0.2",
      "resolved": "https://registry.npmjs.org/@solana/codecs-strings/-/codecs-strings-3.0.2.tgz",
      "integrity": "sha512-V7Ivy3TjdrLL4E3wT2d32MpGYQFWM1UKnevLXPib/Aqws4nP/bGMHq6gSIJ4b9HrkFfrlEgSjusOyEJbRBBFag==",
      "license": "MIT",
      "dependencies": {
        "@solana/codecs-core": "3.0.2",
        "@solana/codecs-numbers": "3.0.2",
        "@solana/errors": "3.0.2"
      },
      "engines": {
        "node": ">=20.18.0"
      },
      "peerDependencies": {
        "fastestsmallesttextencoderdecoder": "^1.0.22",
        "typescript": ">=5.3.3"
      }
    },
    "node_modules/@solana/errors": {
      "version": "3.0.2",
      "resolved": "https://registry.npmjs.org/@solana/errors/-/errors-3.0.2.tgz",
      "integrity": "sha512-0B4y9JUsX8/DzflhdSXSAF+UPUKyo1R1rrQ/ShS/8ApCOIWIFqZlve0TPatuTOGGNBememoukPOvDVtFy0ZYpg==",
      "license": "MIT",
      "dependencies": {
        "chalk": "^5.6.0",
        "commander": "^14.0.0"
      },
      "bin": {
        "errors": "bin/cli.mjs"
      },
      "engines": {
        "node": ">=20.18.0"
      },
      "peerDependencies": {
        "typescript": ">=5.3.3"
      }
    },
    "node_modules/@solana/fast-stable-stringify": {
      "version": "3.0.2",
      "resolved": "https://registry.npmjs.org/@solana/fast-stable-stringify/-/fast-stable-stringify-3.0.2.tgz",
      "integrity": "sha512-IFs/g0vPd7KGmX/XlWOx1EmGvNOz9RUAXt20DL1UKl3uoor/kUeM+Axt2Ey85njp3c4Y8rP5j2pXPuErkiuPbA==",
      "license": "MIT",
      "engines": {
        "node": ">=20.18.0"
      },
      "peerDependencies": {
        "typescript": ">=5.3.3"
      }
    },
    "node_modules/@solana/functional": {
      "version": "3.0.2",
      "resolved": "https://registry.npmjs.org/@solana/functional/-/functional-3.0.2.tgz",
      "integrity": "sha512-sTLgutPHKzDcyQaGvNpmWvdHMrKPMF51XLymFh9oMK5WAJTBXU5yl4DWGGy5FmpMX8UP4/fSdDjDuCgTeslVrw==",
      "license": "MIT",
      "engines": {
        "node": ">=20.18.0"
      },
      "peerDependencies": {
        "typescript": ">=5.3.3"
      }
    },
    "node_modules/@solana/instruction-plans": {
      "version": "3.0.2",
      "resolved": "https://registry.npmjs.org/@solana/instruction-plans/-/instruction-plans-3.0.2.tgz",
      "integrity": "sha512-kobDyIio7cOCcoVw5WJrAm6w6wwg4SW9hLryqE1RcaLGdYPluE130Kcnn/YHr41VwKkqvaGc55nQAe8kHCwaXA==",
      "license": "MIT",
      "dependencies": {
        "@solana/errors": "3.0.2",
        "@solana/instructions": "3.0.2",
        "@solana/promises": "3.0.2",
        "@solana/transaction-messages": "3.0.2",
        "@solana/transactions": "3.0.2"
      },
      "engines": {
        "node": ">=20.18.0"
      },
      "peerDependencies": {
        "typescript": ">=5.3.3"
      }
    },
    "node_modules/@solana/instructions": {
      "version": "3.0.2",
      "resolved": "https://registry.npmjs.org/@solana/instructions/-/instructions-3.0.2.tgz",
      "integrity": "sha512-y7ycX8FMWwEr8gfqCJQAUJmhvzJ8VyW0ofWfcjpy09+oT1tNihTHINbWr/E9qRtr8oDVV+u2RIz5ScbCLZetTg==",
      "license": "MIT",
      "dependencies": {
        "@solana/codecs-core": "3.0.2",
        "@solana/errors": "3.0.2"
      },
      "engines": {
        "node": ">=20.18.0"
      },
      "peerDependencies": {
        "typescript": ">=5.3.3"
      }
    },
    "node_modules/@solana/keys": {
      "version": "3.0.2",
      "resolved": "https://registry.npmjs.org/@solana/keys/-/keys-3.0.2.tgz",
      "integrity": "sha512-+0SIFLs+IufkJlOYrZU1GHF7br5y5M5Rroq1Ctwjw7YfTp84UhSoZzkntxdhgwq+CrdNHgZcxCiHqo65XzOuwA==",
      "license": "MIT",
      "dependencies": {
        "@solana/assertions": "3.0.2",
        "@solana/codecs-core": "3.0.2",
        "@solana/codecs-strings": "3.0.2",
        "@solana/errors": "3.0.2",
        "@solana/nominal-types": "3.0.2"
      },
      "engines": {
        "node": ">=20.18.0"
      },
      "peerDependencies": {
        "typescript": ">=5.3.3"
      }
    },
    "node_modules/@solana/kit": {
      "version": "3.0.2",
      "resolved": "https://registry.npmjs.org/@solana/kit/-/kit-3.0.2.tgz",
      "integrity": "sha512-30wcrnxI3jGv3yuNCZ4iJbwu/Yvk0zhqc3kjpcVz7gVAkCcjtyn/l2BETl/7vwKCBKwqIZ2G01hSGyfwNtjrkg==",
      "license": "MIT",
      "dependencies": {
        "@solana/accounts": "3.0.2",
        "@solana/addresses": "3.0.2",
        "@solana/codecs": "3.0.2",
        "@solana/errors": "3.0.2",
        "@solana/functional": "3.0.2",
        "@solana/instruction-plans": "3.0.2",
        "@solana/instructions": "3.0.2",
        "@solana/keys": "3.0.2",
        "@solana/programs": "3.0.2",
        "@solana/rpc": "3.0.2",
        "@solana/rpc-parsed-types": "3.0.2",
        "@solana/rpc-spec-types": "3.0.2",
        "@solana/rpc-subscriptions": "3.0.2",
        "@solana/rpc-types": "3.0.2",
        "@solana/signers": "3.0.2",
        "@solana/sysvars": "3.0.2",
        "@solana/transaction-confirmation": "3.0.2",
        "@solana/transaction-messages": "3.0.2",
        "@solana/transactions": "3.0.2"
      },
      "engines": {
        "node": ">=20.18.0"
      },
      "peerDependencies": {
        "typescript": ">=5.3.3"
      }
    },
    "node_modules/@solana/nominal-types": {
      "version": "3.0.2",
      "resolved": "https://registry.npmjs.org/@solana/nominal-types/-/nominal-types-3.0.2.tgz",
      "integrity": "sha512-KrZ/a16+HDDpOrkDVFvDQrFDDZf+kNuD3zmU/5KbxQ0kn9uuEFb9/P9Vct3R8qacshH73lHWOz+006Bb+xX88A==",
      "license": "MIT",
      "engines": {
        "node": ">=20.18.0"
      },
      "peerDependencies": {
        "typescript": ">=5.3.3"
      }
    },
    "node_modules/@solana/options": {
      "version": "3.0.2",
      "resolved": "https://registry.npmjs.org/@solana/options/-/options-3.0.2.tgz",
      "integrity": "sha512-hthTZ7CBoRmlDF4aNbjzUf8qzlmXXW7XzIZNXO0xfeGexC+j7noxowHgOlK9a7Lpk+0EDF1LFkMYTh3Wy6nR6w==",
      "license": "MIT",
      "dependencies": {
        "@solana/codecs-core": "3.0.2",
        "@solana/codecs-data-structures": "3.0.2",
        "@solana/codecs-numbers": "3.0.2",
        "@solana/codecs-strings": "3.0.2",
        "@solana/errors": "3.0.2"
      },
      "engines": {
        "node": ">=20.18.0"
      },
      "peerDependencies": {
        "typescript": ">=5.3.3"
      }
    },
    "node_modules/@solana/programs": {
      "version": "3.0.2",
      "resolved": "https://registry.npmjs.org/@solana/programs/-/programs-3.0.2.tgz",
      "integrity": "sha512-dXAFJB5fqv6umgWUcu0sijy74wT+VrUh7tcSZTMO0vjnSDLM/p5nJ9puiUrPUwQMLXgJ/8yY5YL27wHBq02vjQ==",
      "license": "MIT",
      "dependencies": {
        "@solana/addresses": "3.0.2",
        "@solana/errors": "3.0.2"
      },
      "engines": {
        "node": ">=20.18.0"
      },
      "peerDependencies": {
        "typescript": ">=5.3.3"
      }
    },
    "node_modules/@solana/promises": {
      "version": "3.0.2",
      "resolved": "https://registry.npmjs.org/@solana/promises/-/promises-3.0.2.tgz",
      "integrity": "sha512-HlYVdT4ysRmCJcQ3wG/KIMx9CRZ+Wp6kW5HXpi7zS/2bSu2fTf/QDZAs7Tps4eVM7AD8XWVKgbmxR3U4EJiMNA==",
      "license": "MIT",
      "engines": {
        "node": ">=20.18.0"
      },
      "peerDependencies": {
        "typescript": ">=5.3.3"
      }
    },
    "node_modules/@solana/rpc": {
      "version": "3.0.2",
      "resolved": "https://registry.npmjs.org/@solana/rpc/-/rpc-3.0.2.tgz",
      "integrity": "sha512-62DLIC/8g5+3MdsZ5qkdsAY4sMeGHnoPjgbz07OCYppALm4oFSv79w184oLivvYPdjrhkMCW1RW9yHnZ/r4U8g==",
      "license": "MIT",
      "dependencies": {
        "@solana/errors": "3.0.2",
        "@solana/fast-stable-stringify": "3.0.2",
        "@solana/functional": "3.0.2",
        "@solana/rpc-api": "3.0.2",
        "@solana/rpc-spec": "3.0.2",
        "@solana/rpc-spec-types": "3.0.2",
        "@solana/rpc-transformers": "3.0.2",
        "@solana/rpc-transport-http": "3.0.2",
        "@solana/rpc-types": "3.0.2"
      },
      "engines": {
        "node": ">=20.18.0"
      },
      "peerDependencies": {
        "typescript": ">=5.3.3"
      }
    },
    "node_modules/@solana/rpc-api": {
      "version": "3.0.2",
      "resolved": "https://registry.npmjs.org/@solana/rpc-api/-/rpc-api-3.0.2.tgz",
      "integrity": "sha512-40wi0De41McJM81HekgGR+lHaGHYIJPFvbZ9VvS40LYqVJjCaded1bgSEeFUaDVgJHs4uL0LX2sFruJQ48O/bw==",
      "license": "MIT",
      "dependencies": {
        "@solana/addresses": "3.0.2",
        "@solana/codecs-core": "3.0.2",
        "@solana/codecs-strings": "3.0.2",
        "@solana/errors": "3.0.2",
        "@solana/keys": "3.0.2",
        "@solana/rpc-parsed-types": "3.0.2",
        "@solana/rpc-spec": "3.0.2",
        "@solana/rpc-transformers": "3.0.2",
        "@solana/rpc-types": "3.0.2",
        "@solana/transaction-messages": "3.0.2",
        "@solana/transactions": "3.0.2"
      },
      "engines": {
        "node": ">=20.18.0"
      },
      "peerDependencies": {
        "typescript": ">=5.3.3"
      }
    },
    "node_modules/@solana/rpc-parsed-types": {
      "version": "3.0.2",
      "resolved": "https://registry.npmjs.org/@solana/rpc-parsed-types/-/rpc-parsed-types-3.0.2.tgz",
      "integrity": "sha512-1V+hzHNkKXrMXKnF/kWkE+2m95QKsnYRFOKSi8a/zB2FZ6P33ckQa9ITMOM0DAH4CBPQlMAg/k90lHQGSHINtA==",
      "license": "MIT",
      "engines": {
        "node": ">=20.18.0"
      },
      "peerDependencies": {
        "typescript": ">=5.3.3"
      }
    },
    "node_modules/@solana/rpc-spec": {
      "version": "3.0.2",
      "resolved": "https://registry.npmjs.org/@solana/rpc-spec/-/rpc-spec-3.0.2.tgz",
      "integrity": "sha512-SvHCrpwdzhMQ4bvBBMdeSRxBnP85MbuRv5ePGZHEo9fkgJuOVigGjA7kdvcMhX1m0OO4iOb8YUWs+Vqj3dBqzQ==",
      "license": "MIT",
      "dependencies": {
        "@solana/errors": "3.0.2",
        "@solana/rpc-spec-types": "3.0.2"
      },
      "engines": {
        "node": ">=20.18.0"
      },
      "peerDependencies": {
        "typescript": ">=5.3.3"
      }
    },
    "node_modules/@solana/rpc-spec-types": {
      "version": "3.0.2",
      "resolved": "https://registry.npmjs.org/@solana/rpc-spec-types/-/rpc-spec-types-3.0.2.tgz",
      "integrity": "sha512-y+Syivahjlv2qbBwHGZYuFaxHMPWcxMCY8bqQBLdssDxoVTMFunALgeZ6JKD+FT2a58yL+Cpsd7fL6FdMiQIDg==",
      "license": "MIT",
      "engines": {
        "node": ">=20.18.0"
      },
      "peerDependencies": {
        "typescript": ">=5.3.3"
      }
    },
    "node_modules/@solana/rpc-subscriptions": {
      "version": "3.0.2",
      "resolved": "https://registry.npmjs.org/@solana/rpc-subscriptions/-/rpc-subscriptions-3.0.2.tgz",
      "integrity": "sha512-EKxt9WfUpSWj9uZw9xyMXXZhF6IJXcdbWwzjU/BGca/nwjMUub78hCWBn7ImcXwePDooXfbqj3HYZ6FY6TQoIQ==",
      "license": "MIT",
      "dependencies": {
        "@solana/errors": "3.0.2",
        "@solana/fast-stable-stringify": "3.0.2",
        "@solana/functional": "3.0.2",
        "@solana/promises": "3.0.2",
        "@solana/rpc-spec-types": "3.0.2",
        "@solana/rpc-subscriptions-api": "3.0.2",
        "@solana/rpc-subscriptions-channel-websocket": "3.0.2",
        "@solana/rpc-subscriptions-spec": "3.0.2",
        "@solana/rpc-transformers": "3.0.2",
        "@solana/rpc-types": "3.0.2",
        "@solana/subscribable": "3.0.2"
      },
      "engines": {
        "node": ">=20.18.0"
      },
      "peerDependencies": {
        "typescript": ">=5.3.3"
      }
    },
    "node_modules/@solana/rpc-subscriptions-api": {
      "version": "3.0.2",
      "resolved": "https://registry.npmjs.org/@solana/rpc-subscriptions-api/-/rpc-subscriptions-api-3.0.2.tgz",
      "integrity": "sha512-moMGc62Arftbs3lFMY7lu8iMBrKn7P/BAb5Vv76MqlUioW0ip1PTH9zsK2i5GGfOFSWKE/WqyzJR1A6GIiUQYQ==",
      "license": "MIT",
      "dependencies": {
        "@solana/addresses": "3.0.2",
        "@solana/keys": "3.0.2",
        "@solana/rpc-subscriptions-spec": "3.0.2",
        "@solana/rpc-transformers": "3.0.2",
        "@solana/rpc-types": "3.0.2",
        "@solana/transaction-messages": "3.0.2",
        "@solana/transactions": "3.0.2"
      },
      "engines": {
        "node": ">=20.18.0"
      },
      "peerDependencies": {
        "typescript": ">=5.3.3"
      }
    },
    "node_modules/@solana/rpc-subscriptions-channel-websocket": {
      "version": "3.0.2",
      "resolved": "https://registry.npmjs.org/@solana/rpc-subscriptions-channel-websocket/-/rpc-subscriptions-channel-websocket-3.0.2.tgz",
      "integrity": "sha512-2m5c1RT/XC6uVdBL4uuU70nBtlOn6/1h9/BXhe17xcdYU+8w75b9rkTCBmMwu0W/VZHJXRi3J1RsHPCaxnPk7w==",
      "license": "MIT",
      "dependencies": {
        "@solana/errors": "3.0.2",
        "@solana/functional": "3.0.2",
        "@solana/rpc-subscriptions-spec": "3.0.2",
        "@solana/subscribable": "3.0.2"
      },
      "engines": {
        "node": ">=20.18.0"
      },
      "peerDependencies": {
        "typescript": ">=5.3.3",
        "ws": "^8.18.0"
      }
    },
    "node_modules/@solana/rpc-subscriptions-spec": {
      "version": "3.0.2",
      "resolved": "https://registry.npmjs.org/@solana/rpc-subscriptions-spec/-/rpc-subscriptions-spec-3.0.2.tgz",
      "integrity": "sha512-x15UeQVuHbEC6+sgebn+iBhDVaPNBnBiUHYYY78kLDNCZiO5/SEyUXn96W8SNXS3CdT+6bN55gb/LhsWpZN4Ng==",
      "license": "MIT",
      "dependencies": {
        "@solana/errors": "3.0.2",
        "@solana/promises": "3.0.2",
        "@solana/rpc-spec-types": "3.0.2",
        "@solana/subscribable": "3.0.2"
      },
      "engines": {
        "node": ">=20.18.0"
      },
      "peerDependencies": {
        "typescript": ">=5.3.3"
      }
    },
    "node_modules/@solana/rpc-transformers": {
      "version": "3.0.2",
      "resolved": "https://registry.npmjs.org/@solana/rpc-transformers/-/rpc-transformers-3.0.2.tgz",
      "integrity": "sha512-qPOrGZ9ieYAplIEYdVTzWquFd8TSYPgZ9lyRH7yScUywimDUnK5h/Rg4dm6TYo7RIj5wxdx244/m436HkgmqPA==",
      "license": "MIT",
      "dependencies": {
        "@solana/errors": "3.0.2",
        "@solana/functional": "3.0.2",
        "@solana/nominal-types": "3.0.2",
        "@solana/rpc-spec-types": "3.0.2",
        "@solana/rpc-types": "3.0.2"
      },
      "engines": {
        "node": ">=20.18.0"
      },
      "peerDependencies": {
        "typescript": ">=5.3.3"
      }
    },
    "node_modules/@solana/rpc-transport-http": {
      "version": "3.0.2",
      "resolved": "https://registry.npmjs.org/@solana/rpc-transport-http/-/rpc-transport-http-3.0.2.tgz",
      "integrity": "sha512-2bEsYGUTYxuFyzz+gc3afx/xagn4ZA499/xHt4XrWaPcqL9P4/oPcg99kdFkzPJII2dHCVCOh2h65j3+VvM7Yg==",
      "license": "MIT",
      "dependencies": {
        "@solana/errors": "3.0.2",
        "@solana/rpc-spec": "3.0.2",
        "@solana/rpc-spec-types": "3.0.2",
        "undici-types": "^7.15.0"
      },
      "engines": {
        "node": ">=20.18.0"
      },
      "peerDependencies": {
        "typescript": ">=5.3.3"
      }
    },
    "node_modules/@solana/rpc-types": {
      "version": "3.0.2",
      "resolved": "https://registry.npmjs.org/@solana/rpc-types/-/rpc-types-3.0.2.tgz",
      "integrity": "sha512-0OHQ6j6ncBY88IDVSeXf1mqW8KMO8SQsHK/PFLVgJr2Z5FkanCRCzCX2agShOFIVT41lR5jiRhHW8DnUX2C0Hg==",
      "license": "MIT",
      "dependencies": {
        "@solana/addresses": "3.0.2",
        "@solana/codecs-core": "3.0.2",
        "@solana/codecs-numbers": "3.0.2",
        "@solana/codecs-strings": "3.0.2",
        "@solana/errors": "3.0.2",
        "@solana/nominal-types": "3.0.2"
      },
      "engines": {
        "node": ">=20.18.0"
      },
      "peerDependencies": {
        "typescript": ">=5.3.3"
      }
    },
    "node_modules/@solana/signers": {
      "version": "3.0.2",
      "resolved": "https://registry.npmjs.org/@solana/signers/-/signers-3.0.2.tgz",
      "integrity": "sha512-B7G42k9g8sxsnwcnCzhSD918kFy6N08fzyV9fGCgq/Zc/dYTxXwclmnvDoG1wqR51EKNNTVNK8dgXzRLfiQX2w==",
      "license": "MIT",
      "dependencies": {
        "@solana/addresses": "3.0.2",
        "@solana/codecs-core": "3.0.2",
        "@solana/errors": "3.0.2",
        "@solana/instructions": "3.0.2",
        "@solana/keys": "3.0.2",
        "@solana/nominal-types": "3.0.2",
        "@solana/transaction-messages": "3.0.2",
        "@solana/transactions": "3.0.2"
      },
      "engines": {
        "node": ">=20.18.0"
      },
      "peerDependencies": {
        "typescript": ">=5.3.3"
      }
    },
    "node_modules/@solana/subscribable": {
      "version": "3.0.2",
      "resolved": "https://registry.npmjs.org/@solana/subscribable/-/subscribable-3.0.2.tgz",
      "integrity": "sha512-t/quWveT3zcBSYGWr75qezL90qRnw9g3e7h5ZjEpW2bUEr4/MvHfPbV8H4GMidIm7AHBWvohuDj5ddovqGpVDQ==",
      "license": "MIT",
      "dependencies": {
        "@solana/errors": "3.0.2"
      },
      "engines": {
        "node": ">=20.18.0"
      },
      "peerDependencies": {
        "typescript": ">=5.3.3"
      }
    },
    "node_modules/@solana/sysvars": {
      "version": "3.0.2",
      "resolved": "https://registry.npmjs.org/@solana/sysvars/-/sysvars-3.0.2.tgz",
      "integrity": "sha512-t3yh2lmHXBdDj3eS9ufD3XMf4zMwi/HhJql8281mWFZ2p1tflNUTWrK2Wo7BbPn5OfPhQ0U2ilv6OSvub3mMLg==",
      "license": "MIT",
      "dependencies": {
        "@solana/accounts": "3.0.2",
        "@solana/codecs": "3.0.2",
        "@solana/errors": "3.0.2",
        "@solana/rpc-types": "3.0.2"
      },
      "engines": {
        "node": ">=20.18.0"
      },
      "peerDependencies": {
        "typescript": ">=5.3.3"
      }
    },
    "node_modules/@solana/transaction-confirmation": {
      "version": "3.0.2",
      "resolved": "https://registry.npmjs.org/@solana/transaction-confirmation/-/transaction-confirmation-3.0.2.tgz",
      "integrity": "sha512-w/ZarOIyzNnCl+OzSVhiNeMipJu/8Qrcu6s/wOfRO/lu+oO39L2SbUwxqb/FMATd3fK8+TRW21hWGHcvCXxMFw==",
      "license": "MIT",
      "dependencies": {
        "@solana/addresses": "3.0.2",
        "@solana/codecs-strings": "3.0.2",
        "@solana/errors": "3.0.2",
        "@solana/keys": "3.0.2",
        "@solana/promises": "3.0.2",
        "@solana/rpc": "3.0.2",
        "@solana/rpc-subscriptions": "3.0.2",
        "@solana/rpc-types": "3.0.2",
        "@solana/transaction-messages": "3.0.2",
        "@solana/transactions": "3.0.2"
      },
      "engines": {
        "node": ">=20.18.0"
      },
      "peerDependencies": {
        "typescript": ">=5.3.3"
      }
    },
    "node_modules/@solana/transaction-messages": {
      "version": "3.0.2",
      "resolved": "https://registry.npmjs.org/@solana/transaction-messages/-/transaction-messages-3.0.2.tgz",
      "integrity": "sha512-EXbOsi6A6KMpVONb5wuQ/99aFXFXbxOvY4ndbkmp1lvhpahK3j2DuOwUT4tJeYKU7Xb7ktCA/IiL+PvEJIeX0A==",
      "license": "MIT",
      "dependencies": {
        "@solana/addresses": "3.0.2",
        "@solana/codecs-core": "3.0.2",
        "@solana/codecs-data-structures": "3.0.2",
        "@solana/codecs-numbers": "3.0.2",
        "@solana/errors": "3.0.2",
        "@solana/functional": "3.0.2",
        "@solana/instructions": "3.0.2",
        "@solana/nominal-types": "3.0.2",
        "@solana/rpc-types": "3.0.2"
      },
      "engines": {
        "node": ">=20.18.0"
      },
      "peerDependencies": {
        "typescript": ">=5.3.3"
      }
    },
    "node_modules/@solana/transactions": {
      "version": "3.0.2",
      "resolved": "https://registry.npmjs.org/@solana/transactions/-/transactions-3.0.2.tgz",
      "integrity": "sha512-V1OmbQBOn6UT7JfGQXNHX2QAQbprNfk30/Clh3udvNcGqD1DrYRiYuy3g/PAh5hKVf142URfMDk3Ptr+8ylrCA==",
      "license": "MIT",
      "dependencies": {
        "@solana/addresses": "3.0.2",
        "@solana/codecs-core": "3.0.2",
        "@solana/codecs-data-structures": "3.0.2",
        "@solana/codecs-numbers": "3.0.2",
        "@solana/codecs-strings": "3.0.2",
        "@solana/errors": "3.0.2",
        "@solana/functional": "3.0.2",
        "@solana/instructions": "3.0.2",
        "@solana/keys": "3.0.2",
        "@solana/nominal-types": "3.0.2",
        "@solana/rpc-types": "3.0.2",
        "@solana/transaction-messages": "3.0.2"
      },
      "engines": {
        "node": ">=20.18.0"
      },
      "peerDependencies": {
        "typescript": ">=5.3.3"
      }
    },
    "node_modules/chalk": {
      "version": "5.6.2",
      "resolved": "https://registry.npmjs.org/chalk/-/chalk-5.6.2.tgz",
      "integrity": "sha512-7NzBL0rN6fMUW+f7A6Io4h40qQlG+xGmtMxfbnH/K7TAtt8JQWVQK+6g0UXKMeVJoyV5EkkNsErQ8pVD3bLHbA==",
      "license": "MIT",
      "engines": {
        "node": "^12.17.0 || ^14.13 || >=16.0.0"
      },
      "funding": {
        "url": "https://github.com/chalk/chalk?sponsor=1"
      }
    },
    "node_modules/commander": {
      "version": "14.0.0",
      "resolved": "https://registry.npmjs.org/commander/-/commander-14.0.0.tgz",
      "integrity": "sha512-2uM9rYjPvyq39NwLRqaiLtWHyDC1FvryJDa2ATTVims5YAS4PupsEQsDvP14FqhFr0P49CYDugi59xaxJlTXRA==",
      "license": "MIT",
      "engines": {
        "node": ">=20"
      }
    },
    "node_modules/esbuild": {
      "version": "0.25.9",
      "resolved": "https://registry.npmjs.org/esbuild/-/esbuild-0.25.9.tgz",
      "integrity": "sha512-CRbODhYyQx3qp7ZEwzxOk4JBqmD/seJrzPa/cGjY1VtIn5E09Oi9/dB4JwctnfZ8Q8iT7rioVv5k/FNT/uf54g==",
      "hasInstallScript": true,
      "license": "MIT",
      "bin": {
        "esbuild": "bin/esbuild"
      },
      "engines": {
        "node": ">=18"
      },
      "optionalDependencies": {
        "@esbuild/aix-ppc64": "0.25.9",
        "@esbuild/android-arm": "0.25.9",
        "@esbuild/android-arm64": "0.25.9",
        "@esbuild/android-x64": "0.25.9",
        "@esbuild/darwin-arm64": "0.25.9",
        "@esbuild/darwin-x64": "0.25.9",
        "@esbuild/freebsd-arm64": "0.25.9",
        "@esbuild/freebsd-x64": "0.25.9",
        "@esbuild/linux-arm": "0.25.9",
        "@esbuild/linux-arm64": "0.25.9",
        "@esbuild/linux-ia32": "0.25.9",
        "@esbuild/linux-loong64": "0.25.9",
        "@esbuild/linux-mips64el": "0.25.9",
        "@esbuild/linux-ppc64": "0.25.9",
        "@esbuild/linux-riscv64": "0.25.9",
        "@esbuild/linux-s390x": "0.25.9",
        "@esbuild/linux-x64": "0.25.9",
        "@esbuild/netbsd-arm64": "0.25.9",
        "@esbuild/netbsd-x64": "0.25.9",
        "@esbuild/openbsd-arm64": "0.25.9",
        "@esbuild/openbsd-x64": "0.25.9",
        "@esbuild/openharmony-arm64": "0.25.9",
        "@esbuild/sunos-x64": "0.25.9",
        "@esbuild/win32-arm64": "0.25.9",
        "@esbuild/win32-ia32": "0.25.9",
        "@esbuild/win32-x64": "0.25.9"
      }
    },
    "node_modules/fastestsmallesttextencoderdecoder": {
      "version": "1.0.22",
      "resolved": "https://registry.npmjs.org/fastestsmallesttextencoderdecoder/-/fastestsmallesttextencoderdecoder-1.0.22.tgz",
      "integrity": "sha512-Pb8d48e+oIuY4MaM64Cd7OW1gt4nxCHs7/ddPPZ/Ic3sg8yVGM7O9wDvZ7us6ScaUupzM+pfBolwtYhN1IxBIw==",
      "license": "CC0-1.0",
      "peer": true
    },
    "node_modules/fsevents": {
      "version": "2.3.3",
      "resolved": "https://registry.npmjs.org/fsevents/-/fsevents-2.3.3.tgz",
      "integrity": "sha512-5xoDfX+fL7faATnagmWPpbFtwh/R77WmMMqqHGS65C3vvB0YHrgF+B1YmZ3441tMj5n63k0212XNoJwzlhffQw==",
      "hasInstallScript": true,
      "license": "MIT",
      "optional": true,
      "os": [
        "darwin"
      ],
      "engines": {
        "node": "^8.16.0 || ^10.6.0 || >=11.0.0"
      }
    },
    "node_modules/get-tsconfig": {
      "version": "4.10.1",
      "resolved": "https://registry.npmjs.org/get-tsconfig/-/get-tsconfig-4.10.1.tgz",
      "integrity": "sha512-auHyJ4AgMz7vgS8Hp3N6HXSmlMdUyhSUrfBF16w153rxtLIEOE+HGqaBppczZvnHLqQJfiHotCYpNhl0lUROFQ==",
      "license": "MIT",
      "dependencies": {
        "resolve-pkg-maps": "^1.0.0"
      },
      "funding": {
        "url": "https://github.com/privatenumber/get-tsconfig?sponsor=1"
      }
    },
    "node_modules/resolve-pkg-maps": {
      "version": "1.0.0",
      "resolved": "https://registry.npmjs.org/resolve-pkg-maps/-/resolve-pkg-maps-1.0.0.tgz",
      "integrity": "sha512-seS2Tj26TBVOC2NIc2rOe2y2ZO7efxITtLZcGSOnHHNOQ7CkiUBfw0Iw2ck6xkIhPwLhKNLS8BO+hEpngQlqzw==",
      "license": "MIT",
      "funding": {
        "url": "https://github.com/privatenumber/resolve-pkg-maps?sponsor=1"
      }
    },
    "node_modules/tsx": {
      "version": "4.20.5",
      "resolved": "https://registry.npmjs.org/tsx/-/tsx-4.20.5.tgz",
      "integrity": "sha512-+wKjMNU9w/EaQayHXb7WA7ZaHY6hN8WgfvHNQ3t1PnU91/7O8TcTnIhCDYTZwnt8JsO9IBqZ30Ln1r7pPF52Aw==",
      "license": "MIT",
      "dependencies": {
        "esbuild": "~0.25.0",
        "get-tsconfig": "^4.7.5"
      },
      "bin": {
        "tsx": "dist/cli.mjs"
      },
      "engines": {
        "node": ">=18.0.0"
      },
      "optionalDependencies": {
        "fsevents": "~2.3.3"
      }
    },
    "node_modules/typescript": {
      "version": "5.9.2",
      "resolved": "https://registry.npmjs.org/typescript/-/typescript-5.9.2.tgz",
      "integrity": "sha512-CWBzXQrc/qOkhidw1OzBTQuYRbfyxDXJMVJ1XNwUHGROVmuaeiEm3OslpZ1RV96d7SKKjZKrSJu3+t/xlw3R9A==",
      "license": "Apache-2.0",
      "bin": {
        "tsc": "bin/tsc",
        "tsserver": "bin/tsserver"
      },
      "engines": {
        "node": ">=14.17"
      }
    },
    "node_modules/undici-types": {
      "version": "7.15.0",
      "resolved": "https://registry.npmjs.org/undici-types/-/undici-types-7.15.0.tgz",
      "integrity": "sha512-Xyn5T99wU4kPhLZMm+ElE6M+IoSeG8Se7eG9xoZ82ZgVHJ07wb/IWcDZeXe2GOPkavcJ8ko5oSlXMDRl/QgY9Q==",
      "license": "MIT"
    },
    "node_modules/ws": {
      "version": "8.18.3",
      "resolved": "https://registry.npmjs.org/ws/-/ws-8.18.3.tgz",
      "integrity": "sha512-PEIGCY5tSlUt50cqyMXfCzX+oOPqN0vuGqWzbcJ2xvnkzkq46oOpz7dQaTDBdfICb4N14+GARUDw2XV2N4tvzg==",
      "license": "MIT",
      "peer": true,
      "engines": {
        "node": ">=10.0.0"
      },
      "peerDependencies": {
        "bufferutil": "^4.0.1",
        "utf-8-validate": ">=5.0.2"
      },
      "peerDependenciesMeta": {
        "bufferutil": {
          "optional": true
        },
        "utf-8-validate": {
          "optional": true
        }
      }
    }
  }
}
